
Microsoft Visual Studio Solution File, Format Version 12.00
# Visual Studio Version 17
VisualStudioVersion = 17.2.32616.157
MinimumVisualStudioVersion = 10.0.40219.1
Project("{FAE04EC0-301F-11D3-BF4B-00C04F79EFBC}") = "QRefanger", "QRefanger\QRefanger.csproj", "{BF0FE8B7-4195-49EC-91DE-85F379FC6808}"
EndProject
Global
	GlobalSection(SolutionConfigurationPlatforms) = preSolution
		Debug|Any CPU = Debug|Any CPU
		Release|Any CPU = Release|Any CPU
	EndGlobalSection
	GlobalSection(ProjectConfigurationPlatforms) = postSolution
		{BF0FE8B7-4195-49EC-91DE-85F379FC6808}.Debug|Any CPU.ActiveCfg = Debug|Any CPU
		{BF0FE8B7-4195-49EC-91DE-85F379FC6808}.Debug|Any CPU.Build.0 = Debug|Any CPU
		{BF0FE8B7-4195-49EC-91DE-85F379FC6808}.Release|Any CPU.ActiveCfg = Release|Any CPU
		{BF0FE8B7-4195-49EC-91DE-85F379FC6808}.Release|Any CPU.Build.0 = Release|Any CPU
	EndGlobalSection
	GlobalSection(SolutionProperties) = preSolution
		HideSolutionNode = FALSE
	EndGlobalSection
	GlobalSection(ExtensibilityGlobals) = postSolution
		SolutionGuid = {7B2F04B3-CC40-4282-A057-5414F81AC46B}
	EndGlobalSection
EndGlobal
